
Microsoft Visual Studio Solution File, Format Version 12.00
# Visual Studio 15
VisualStudioVersion = 15.0.28307.271
MinimumVisualStudioVersion = 10.0.40219.1
Project("{FAE04EC0-301F-11D3-BF4B-00C04F79EFBC}") = "NumberParserRU", "NumberParserRU\NumberParserRU.csproj", "{B5629390-08E9-4359-B33F-6ED6D2671D41}"
EndProject
Project("{FAE04EC0-301F-11D3-BF4B-00C04F79EFBC}") = "NumberParserRUTests", "NumberParserRUTests\NumberParserRUTests.csproj", "{B4C8DC31-56EC-4954-804C-B91FDB8A12FE}"
EndProject
Global
	GlobalSection(SolutionConfigurationPlatforms) = preSolution
		Debug|Any CPU = Debug|Any CPU
		Release|Any CPU = Release|Any CPU
	EndGlobalSection
	GlobalSection(ProjectConfigurationPlatforms) = postSolution
		{B5629390-08E9-4359-B33F-6ED6D2671D41}.Debug|Any CPU.ActiveCfg = Debug|Any CPU
		{B5629390-08E9-4359-B33F-6ED6D2671D41}.Debug|Any CPU.Build.0 = Debug|Any CPU
		{B5629390-08E9-4359-B33F-6ED6D2671D41}.Release|Any CPU.ActiveCfg = Release|Any CPU
		{B5629390-08E9-4359-B33F-6ED6D2671D41}.Release|Any CPU.Build.0 = Release|Any CPU
		{B4C8DC31-56EC-4954-804C-B91FDB8A12FE}.Debug|Any CPU.ActiveCfg = Debug|Any CPU
		{B4C8DC31-56EC-4954-804C-B91FDB8A12FE}.Debug|Any CPU.Build.0 = Debug|Any CPU
		{B4C8DC31-56EC-4954-804C-B91FDB8A12FE}.Release|Any CPU.ActiveCfg = Release|Any CPU
		{B4C8DC31-56EC-4954-804C-B91FDB8A12FE}.Release|Any CPU.Build.0 = Release|Any CPU
	EndGlobalSection
	GlobalSection(SolutionProperties) = preSolution
		HideSolutionNode = FALSE
	EndGlobalSection
	GlobalSection(ExtensibilityGlobals) = postSolution
		SolutionGuid = {09362CC8-ADAC-42C0-A4F0-86FCCB2BC871}
	EndGlobalSection
EndGlobal
